
Microsoft Visual Studio Solution File, Format Version 12.00
# Visual Studio Version 16
VisualStudioVersion = 16.0.32602.291
MinimumVisualStudioVersion = 10.0.40219.1
Project("{FAE04EC0-301F-11D3-BF4B-00C04F79EFBC}") = "HW-13 Task-2", "HW-13 Task-2\HW-13 Task-2.csproj", "{F47952E8-9C2D-44E1-86BB-534305080B06}"
EndProject
Global
	GlobalSection(SolutionConfigurationPlatforms) = preSolution
		Debug|Any CPU = Debug|Any CPU
		Release|Any CPU = Release|Any CPU
	EndGlobalSection
	GlobalSection(ProjectConfigurationPlatforms) = postSolution
		{F47952E8-9C2D-44E1-86BB-534305080B06}.Debug|Any CPU.ActiveCfg = Debug|Any CPU
		{F47952E8-9C2D-44E1-86BB-534305080B06}.Debug|Any CPU.Build.0 = Debug|Any CPU
		{F47952E8-9C2D-44E1-86BB-534305080B06}.Release|Any CPU.ActiveCfg = Release|Any CPU
		{F47952E8-9C2D-44E1-86BB-534305080B06}.Release|Any CPU.Build.0 = Release|Any CPU
	EndGlobalSection
	GlobalSection(SolutionProperties) = preSolution
		HideSolutionNode = FALSE
	EndGlobalSection
	GlobalSection(ExtensibilityGlobals) = postSolution
		SolutionGuid = {9DA7BB18-F7DF-49EA-91DE-451B99AE0BD4}
	EndGlobalSection
EndGlobal
